Microsoft Visual Studio Solution File, Format Version 12.00
# Visual Studio Version 18
VisualStudioVersion = 18.0.0.0
MinimumVisualStudioVersion = 10.0.40219.1
Project("{9A19103F-16F7-4668-BE54-9A1E7A4F7556}") = "BitBroom.Core", "src\BitBroom.Core\BitBroom.Core.csproj", "{1B2A3C4D-0001-4000-8000-000000000001}"
EndProject
Project("{9A19103F-16F7-4668-BE54-9A1E7A4F7556}") = "BitBroom.Cli", "src\BitBroom.Cli\BitBroom.Cli.csproj", "{1B2A3C4D-0002-4000-8000-000000000002}"
EndProject
Project("{9A19103F-16F7-4668-BE54-9A1E7A4F7556}") = "BitBroom.App", "src\BitBroom.App\BitBroom.App.csproj", "{1B2A3C4D-0003-4000-8000-000000000003}"
EndProject
Project("{9A19103F-16F7-4668-BE54-9A1E7A4F7556}") = "BitBroom.Core.Tests", "tests\BitBroom.Core.Tests\BitBroom.Core.Tests.csproj", "{1B2A3C4D-0004-4000-8000-000000000004}"
EndProject
Global
	GlobalSection(SolutionConfigurationPlatforms) = preSolution
		Debug|Any CPU = Debug|Any CPU
		Release|Any CPU = Release|Any CPU
	EndGlobalSection
	GlobalSection(ProjectConfigurationPlatforms) = postSolution
		{1B2A3C4D-0001-4000-8000-000000000001}.Debug|Any CPU.ActiveCfg = Debug|Any CPU
		{1B2A3C4D-0001-4000-8000-000000000001}.Debug|Any CPU.Build.0 = Debug|Any CPU
		{1B2A3C4D-0001-4000-8000-000000000001}.Release|Any CPU.ActiveCfg = Release|Any CPU
		{1B2A3C4D-0001-4000-8000-000000000001}.Release|Any CPU.Build.0 = Release|Any CPU
		{1B2A3C4D-0002-4000-8000-000000000002}.Debug|Any CPU.ActiveCfg = Debug|Any CPU
		{1B2A3C4D-0002-4000-8000-000000000002}.Debug|Any CPU.Build.0 = Debug|Any CPU
		{1B2A3C4D-0002-4000-8000-000000000002}.Release|Any CPU.ActiveCfg = Release|Any CPU
		{1B2A3C4D-0002-4000-8000-000000000002}.Release|Any CPU.Build.0 = Release|Any CPU
		{1B2A3C4D-0003-4000-8000-000000000003}.Debug|Any CPU.ActiveCfg = Debug|Any CPU
		{1B2A3C4D-0003-4000-8000-000000000003}.Debug|Any CPU.Build.0 = Debug|Any CPU
		{1B2A3C4D-0003-4000-8000-000000000003}.Release|Any CPU.ActiveCfg = Release|Any CPU
		{1B2A3C4D-0003-4000-8000-000000000003}.Release|Any CPU.Build.0 = Release|Any CPU
		{1B2A3C4D-0004-4000-8000-000000000004}.Debug|Any CPU.ActiveCfg = Debug|Any CPU
		{1B2A3C4D-0004-4000-8000-000000000004}.Debug|Any CPU.Build.0 = Debug|Any CPU
		{1B2A3C4D-0004-4000-8000-000000000004}.Release|Any CPU.ActiveCfg = Release|Any CPU
		{1B2A3C4D-0004-4000-8000-000000000004}.Release|Any CPU.Build.0 = Release|Any CPU
	EndGlobalSection
	GlobalSection(SolutionProperties) = preSolution
		HideSolutionNode = FALSE
	EndGlobalSection
EndGlobal
